// !$*UTF8*$!
{
	archiveVersion = 1;
	classes = {
	};
	objectVersion = 50;
	objects = {

/* Begin PBXBuildFile section */
		34A686E34C2B66721538003B /* libPods-GitTrainningProject.a in Frameworks */ = {isa = PBXBuildFile; fileRef = 25F9E1D640E0729776B32ED3 /* libPods-GitTrainningProject.a */; };
		532D649E23C4881800E72F6B /* AppDelegate.m in Sources */ = {isa = PBXBuildFile; fileRef = 532D649D23C4881800E72F6B /* AppDelegate.m */; };
		532D64A123C4881800E72F6B /* SceneDelegate.m in Sources */ = {isa = PBXBuildFile; fileRef = 532D64A023C4881800E72F6B /* SceneDelegate.m */; };
		532D64A423C4881800E72F6B /* ViewController.m in Sources */ = {isa = PBXBuildFile; fileRef = 532D64A323C4881800E72F6B /* ViewController.m */; };
		532D64A723C4881800E72F6B /* Main.storyboard in Resources */ = {isa = PBXBuildFile; fileRef = 532D64A523C4881800E72F6B /* Main.storyboard */; };
		532D64AA23C4881800E72F6B /* GitTrainningProject.xcdatamodeld in Sources */ = {isa = PBXBuildFile; fileRef = 532D64A823C4881800E72F6B /* GitTrainningProject.xcdatamodeld */; };
		532D64AC23C4881D00E72F6B /* Assets.xcassets in Resources */ = {isa = PBXBuildFile; fileRef = 532D64AB23C4881D00E72F6B /* Assets.xcassets */; };
		532D64AF23C4881D00E72F6B /* LaunchScreen.storyboard in Resources */ = {isa = PBXBuildFile; fileRef = 532D64AD23C4881D00E72F6B /* LaunchScreen.storyboard */; };
		532D64B223C4881D00E72F6B /* main.m in Sources */ = {isa = PBXBuildFile; fileRef = 532D64B123C4881D00E72F6B /* main.m */; };
/* End PBXBuildFile section */

/* Begin PBXFileReference section */
		25F9E1D640E0729776B32ED3 /* libPods-GitTrainningProject.a */ = {isa = PBXFileReference; explicitFileType = archive.ar; includeInIndex = 0; path = "libPods-GitTrainningProject.a"; sourceTree = BUILT_PRODUCTS_DIR; };
		48C78C5D5762E196185B07E2 /* Pods-GitTrainningProject.release.xcconfig */ = {isa = PBXFileReference; includeInIndex = 1; lastKnownFileType = text.xcconfig; name = "Pods-GitTrainningProject.release.xcconfig"; path = "Target Support Files/Pods-GitTrainningProject/Pods-GitTrainningProject.release.xcconfig"; sourceTree = "<group>"; };
		532D649923C4881800E72F6B /* GitTrainningProject.app */ = {isa = PBXFileReference; explicitFileType = wrapper.application; includeInIndex = 0; path = GitTrainningProject.app; sourceTree = BUILT_PRODUCTS_DIR; };
		532D649C23C4881800E72F6B /* AppDelegate.h */ = {isa = PBXFileReference; lastKnownFileType = sourcecode.c.h; path = AppDelegate.h; sourceTree = "<group>"; };
		532D649D23C4881800E72F6B /* AppDelegate.m */ = {isa = PBXFileReference; lastKnownFileType = sourcecode.c.objc; path = AppDelegate.m; sourceTree = "<group>"; };
		532D649F23C4881800E72F6B /* SceneDelegate.h */ = {isa = PBXFileReference; lastKnownFileType = sourcecode.c.h; path = SceneDelegate.h; sourceTree = "<group>"; };
		532D64A023C4881800E72F6B /* SceneDelegate.m */ = {isa = PBXFileReference; lastKnownFileType = sourcecode.c.objc; path = SceneDelegate.m; sourceTree = "<group>"; };
		532D64A223C4881800E72F6B /* ViewController.h */ = {isa = PBXFileReference; lastKnownFileType = sourcecode.c.h; path = ViewController.h; sourceTree = "<group>"; };
		532D64A323C4881800E72F6B /* ViewController.m */ = {isa = PBXFileReference; lastKnownFileType = sourcecode.c.objc; path = ViewController.m; sourceTree = "<group>"; };
		532D64A623C4881800E72F6B /* Base */ = {isa = PBXFileReference; lastKnownFileType = file.storyboard; name = Base; path = Base.lproj/Main.storyboard; sourceTree = "<group>"; };
		532D64A923C4881800E72F6B /* GitTrainningProject.xcdatamodel */ = {isa = PBXFileReference; lastKnownFileType = wrapper.xcdatamodel; path = GitTrainningProject.xcdatamodel; sourceTree = "<group>"; };
		532D64AB23C4881D00E72F6B /* Assets.xcassets */ = {isa = PBXFileReference; lastKnownFileType = folder.assetcatalog; path = Assets.xcassets; sourceTree = "<group>"; };
		532D64AE23C4881D00E72F6B /* Base */ = {isa = PBXFileReference; lastKnownFileType = file.storyboard; name = Base; path = Base.lproj/LaunchScreen.storyboard; sourceTree = "<group>"; };
		532D64B023C4881D00E72F6B /* Info.plist */ = {isa = PBXFileReference; lastKnownFileType = text.plist.xml; path = Info.plist; sourceTree = "<group>"; };
		532D64B123C4881D00E72F6B /* main.m */ = {isa = PBXFileReference; lastKnownFileType = sourcecode.c.objc; path = main.m; sourceTree = "<group>"; };
		C5B8B704C216AA25732ECEDF /* Pods-GitTrainningProject.debug.xcconfig */ = {isa = PBXFileReference; includeInIndex = 1; lastKnownFileType = text.xcconfig; name = "Pods-GitTrainningProject.debug.xcconfig"; path = "Target Support Files/Pods-GitTrainningProject/Pods-GitTrainningProject.debug.xcconfig"; sourceTree = "<group>"; };
/* End PBXFileReference section */

/* Begin PBXFrameworksBuildPhase section */
		532D649623C4881800E72F6B /* Frameworks */ = {
			isa = PBXFrameworksBuildPhase;
			buildActionMask = 2147483647;
			files = (
				34A686E34C2B66721538003B /* libPods-GitTrainningProject.a in Frameworks */,
			);
			runOnlyForDeploymentPostprocessing = 0;
		};
/* End PBXFrameworksBuildPhase section */

/* Begin PBXGroup section */
		532D649023C4881800E72F6B = {
			isa = PBXGroup;
			children = (
				532D649B23C4881800E72F6B /* GitTrainningProject */,
				532D649A23C4881800E72F6B /* Products */,
				9C9FEC5C75A0313B938E3736 /* Pods */,
				DBAEFE231DE64238BD9C2F7D /* Frameworks */,
			);
			sourceTree = "<group>";
		};
		532D649A23C4881800E72F6B /* Products */ = {
			isa = PBXGroup;
			children = (
				532D649923C4881800E72F6B /* GitTrainningProject.app */,
			);
			name = Products;
			sourceTree = "<group>";
		};
		532D649B23C4881800E72F6B /* GitTrainningProject */ = {
			isa = PBXGroup;
			children = (
				532D649C23C4881800E72F6B /* AppDelegate.h */,
				532D649D23C4881800E72F6B /* AppDelegate.m */,
				532D649F23C4881800E72F6B /* SceneDelegate.h */,
				532D64A023C4881800E72F6B /* SceneDelegate.m */,
				532D64A223C4881800E72F6B /* ViewController.h */,
				532D64A323C4881800E72F6B /* ViewController.m */,
				532D64A523C4881800E72F6B /* Main.storyboard */,
				532D64AB23C4881D00E72F6B /* Assets.xcassets */,
				532D64AD23C4881D00E72F6B /* LaunchScreen.storyboard */,
				532D64B023C4881D00E72F6B /* Info.plist */,
				532D64B123C4881D00E72F6B /* main.m */,
				532D64A823C4881800E72F6B /* GitTrainningProject.xcdatamodeld */,
			);
			path = GitTrainningProject;
			sourceTree = "<group>";
		};
		9C9FEC5C75A0313B938E3736 /* Pods */ = {
			isa = PBXGroup;
			children = (
				C5B8B704C216AA25732ECEDF /* Pods-GitTrainningProject.debug.xcconfig */,
				48C78C5D5762E196185B07E2 /* Pods-GitTrainningProject.release.xcconfig */,
			);
			name = Pods;
			path = Pods;
			sourceTree = "<group>";
		};
		DBAEFE231DE64238BD9C2F7D /* Frameworks */ = {
			isa = PBXGroup;
			children = (
				25F9E1D640E0729776B32ED3 /* libPods-GitTrainningProject.a */,
			);
			name = Frameworks;
			sourceTree = "<group>";
		};
/* End PBXGroup section */

/* Begin PBXNativeTarget section */
		532D649823C4881800E72F6B /* GitTrainningProject */ = {
			isa = PBXNativeTarget;
			buildConfigurationList = 532D64B523C4881D00E72F6B /* Build configuration list for PBXNativeTarget "GitTrainningProject" */;
			buildPhases = (
				5BB037D0224E93DFE3E5A475 /* [CP] Check Pods Manifest.lock */,
				532D649523C4881800E72F6B /* Sources */,
				532D649623C4881800E72F6B /* Frameworks */,
				532D649723C4881800E72F6B /* Resources */,
			);
			buildRules = (
			);
			dependencies = (
			);
			name = GitTrainningProject;
			productName = GitTrainningProject;
			productReference = 532D649923C4881800E72F6B /* GitTrainningProject.app */;
			productType = "com.apple.product-type.application";
		};
/* End PBXNativeTarget section */

/* Begin PBXProject section */
		532D649123C4881800E72F6B /* Project object */ = {
			isa = PBXProject;
			attributes = {
				LastUpgradeCheck = 1130;
				ORGANIZATIONNAME = "王凯荣";
				TargetAttributes = {
					532D649823C4881800E72F6B = {
						CreatedOnToolsVersion = 11.3;
					};
				};
			};
			buildConfigurationList = 532D649423C4881800E72F6B /* Build configuration list for PBXProject "GitTrainningProject" */;
			compatibilityVersion = "Xcode 9.3";
			developmentRegion = en;
			hasScannedForEncodings = 0;
			knownRegions = (
				en,
				Base,
			);
			mainGroup = 532D649023C4881800E72F6B;
			productRefGroup = 532D649A23C4881800E72F6B /* Products */;
			projectDirPath = "";
			projectRoot = "";
			targets = (
				532D649823C4881800E72F6B /* GitTrainningProject */,
			);
		};
/* End PBXProject section */

/* Begin PBXResourcesBuildPhase section */
		532D649723C4881800E72F6B /* Resources */ = {
			isa = PBXResourcesBuildPhase;
			buildActionMask = 2147483647;
			files = (
				532D64AF23C4881D00E72F6B /* LaunchScreen.storyboard in Resources */,
				532D64AC23C4881D00E72F6B /* Assets.xcassets in Resources */,
				532D64A723C4881800E72F6B /* Main.storyboard in Resources */,
			);
			runOnlyForDeploymentPostprocessing = 0;
		};
/* End PBXResourcesBuildPhase section */

/* Begin PBXShellScriptBuildPhase section */
		5BB037D0224E93DFE3E5A475 /* [CP] Check Pods Manifest.lock */ = {
			isa = PBXShellScriptBuildPhase;
			buildActionMask = 2147483647;
			files = (
			);
			inputFileListPaths = (
			);
			inputPaths = (
				"${PODS_PODFILE_DIR_PATH}/Podfile.lock",
				"${PODS_ROOT}/Manifest.lock",
			);
			name = "[CP] Check Pods Manifest.lock";
			outputFileListPaths = (
			);
			outputPaths = (
				"$(DERIVED_FILE_DIR)/Pods-GitTrainningProject-checkManifestLockResult.txt",
			);
			runOnlyForDeploymentPostprocessing = 0;
			shellPath = /bin/sh;
			shellScript = "diff \"${PODS_PODFILE_DIR_PATH}/Podfile.lock\" \"${PODS_ROOT}/Manifest.lock\" > /dev/null\nif [ $? != 0 ] ; then\n    # print error to STDERR\n    echo \"error: The sandbox is not in sync with the Podfile.lock. Run 'pod install' or update your CocoaPods installation.\" >&2\n    exit 1\nfi\n# This output is used by Xcode 'outputs' to avoid re-running this script phase.\necho \"SUCCESS\" > \"${SCRIPT_OUTPUT_FILE_0}\"\n";
			showEnvVarsInLog = 0;
		};
/* End PBXShellScriptBuildPhase section */

/* Begin PBXSourcesBuildPhase section */
		532D649523C4881800E72F6B /* Sources */ = {
			isa = PBXSourcesBuildPhase;
			buildActionMask = 2147483647;
			files = (
				532D64B223C4881D00E72F6B /* main.m in Sources */,
				532D64A423C4881800E72F6B /* ViewController.m in Sources */,
				532D649E23C4881800E72F6B /* AppDelegate.m in Sources */,
				532D64AA23C4881800E72F6B /* GitTrainningProject.xcdatamodeld in Sources */,
				532D64A123C4881800E72F6B /* SceneDelegate.m in Sources */,
			);
			runOnlyForDeploymentPostprocessing = 0;
		};
/* End PBXSourcesBuildPhase section */

/* Begin PBXVariantGroup section */
		532D64A523C4881800E72F6B /* Main.storyboard */ = {
			isa = PBXVariantGroup;
			children = (
				532D64A623C4881800E72F6B /* Base */,
			);
			name = Main.storyboard;
			sourceTree = "<group>";
		};
		532D64AD23C4881D00E72F6B /* LaunchScreen.storyboard */ = {
			isa = PBXVariantGroup;
			children = (
				532D64AE23C4881D00E72F6B /* Base */,
			);
			name = LaunchScreen.storyboard;
			sourceTree = "<group>";
		};
/* End PBXVariantGroup section */

/* Begin XCBuildConfiguration section */
		532D64B323C4881D00E72F6B /* Debug */ = {
			isa = XCBuildConfiguration;
			buildSettings = {
				ALWAYS_SEARCH_USER_PATHS = NO;
				CLANG_ANALYZER_NONNULL = YES;
				CLANG_ANALYZER_NUMBER_OBJECT_CONVERSION = YES_AGGRESSIVE;
				CLANG_CXX_LANGUAGE_STANDARD = "gnu++14";
				CLANG_CXX_LIBRARY = "libc++";
				CLANG_ENABLE_MODULES = YES;
				CLANG_ENABLE_OBJC_ARC = YES;
				CLANG_ENABLE_OBJC_WEAK = YES;
				CLANG_WARN_BLOCK_CAPTURE_AUTORELEASING = YES;
				CLANG_WARN_BOOL_CONVERSION = YES;
				CLANG_WARN_COMMA = YES;
				CLANG_WARN_CONSTANT_CONVERSION = YES;
				CLANG_WARN_DEPRECATED_OBJC_IMPLEMENTATIONS = YES;
				CLANG_WARN_DIRECT_OBJC_ISA_USAGE = YES_ERROR;
				CLANG_WARN_DOCUMENTATION_COMMENTS = YES;
				CLANG_WARN_EMPTY_BODY = YES;
				CLANG_WARN_ENUM_CONVERSION = YES;
				CLANG_WARN_INFINITE_RECURSION = YES;
				CLANG_WARN_INT_CONVERSION = YES;
				CLANG_WARN_NON_LITERAL_NULL_CONVERSION = YES;
				CLANG_WARN_OBJC_IMPLICIT_RETAIN_SELF = YES;
				CLANG_WARN_OBJC_LITERAL_CONVERSION = YES;
				CLANG_WARN_OBJC_ROOT_CLASS = YES_ERROR;
				CLANG_WARN_RANGE_LOOP_ANALYSIS = YES;
				CLANG_WARN_STRICT_PROTOTYPES = YES;
				CLANG_WARN_SUSPICIOUS_MOVE = YES;
				CLANG_WARN_UNGUARDED_AVAILABILITY = YES_AGGRESSIVE;
				CLANG_WARN_UNREACHABLE_CODE = YES;
				CLANG_WARN__DUPLICATE_METHOD_MATCH = YES;
				COPY_PHASE_STRIP = NO;
				DEBUG_INFORMATION_FORMAT = dwarf;
				ENABLE_STRICT_OBJC_MSGSEND = YES;
				ENABLE_TESTABILITY = YES;
				GCC_C_LANGUAGE_STANDARD = gnu11;
				GCC_DYNAMIC_NO_PIC = NO;
				GCC_NO_COMMON_BLOCKS = YES;
				GCC_OPTIMIZATION_LEVEL = 0;
				GCC_PREPROCESSOR_DEFINITIONS = (
					"DEBUG=1",
					"$(inherited)",
				);
				GCC_WARN_64_TO_32_BIT_CONVERSION = YES;
				GCC_WARN_ABOUT_RETURN_TYPE = YES_ERROR;
				GCC_WARN_UNDECLARED_SELECTOR = YES;
				GCC_WARN_UNINITIALIZED_AUTOS = YES_AGGRESSIVE;
				GCC_WARN_UNUSED_FUNCTION = YES;
				GCC_WARN_UNUSED_VARIABLE = YES;
				IPHONEOS_DEPLOYMENT_TARGET = 13.2;
				MTL_ENABLE_DEBUG_INFO = INCLUDE_SOURCE;
				MTL_FAST_MATH = YES;
				ONLY_ACTIVE_ARCH = YES;
				SDKROOT = iphoneos;
			};
			name = Debug;
		};
		532D64B423C4881D00E72F6B /* Release */ = {
			isa = XCBuildConfiguration;
			buildSettings = {
				ALWAYS_SEARCH_USER_PATHS = NO;
				CLANG_ANALYZER_NONNULL = YES;
				CLANG_ANALYZER_NUMBER_OBJECT_CONVERSION = YES_AGGRESSIVE;
				CLANG_CXX_LANGUAGE_STANDARD = "gnu++14";
				CLANG_CXX_LIBRARY = "libc++";
				CLANG_ENABLE_MODULES = YES;
				CLANG_ENABLE_OBJC_ARC = YES;
				CLANG_ENABLE_OBJC_WEAK = YES;
				CLANG_WARN_BLOCK_CAPTURE_AUTORELEASING = YES;
				CLANG_WARN_BOOL_CONVERSION = YES;
				CLANG_WARN_COMMA = YES;
				CLANG_WARN_CONSTANT_CONVERSION = YES;
				CLANG_WARN_DEPRECATED_OBJC_IMPLEMENTATIONS = YES;
				CLANG_WARN_DIRECT_OBJC_ISA_USAGE = YES_ERROR;
				CLANG_WARN_DOCUMENTATION_COMMENTS = YES;
				CLANG_WARN_EMPTY_BODY = YES;
				CLANG_WARN_ENUM_CONVERSION = YES;
				CLANG_WARN_INFINITE_RECURSION = YES;
				CLANG_WARN_INT_CONVERSION = YES;
				CLANG_WARN_NON_LITERAL_NULL_CONVERSION = YES;
				CLANG_WARN_OBJC_IMPLICIT_RETAIN_SELF = YES;
				CLANG_WARN_OBJC_LITERAL_CONVERSION = YES;
				CLANG_WARN_OBJC_ROOT_CLASS = YES_ERROR;
				CLANG_WARN_RANGE_LOOP_ANALYSIS = YES;
				CLANG_WARN_STRICT_PROTOTYPES = YES;
				CLANG_WARN_SUSPICIOUS_MOVE = YES;
				CLANG_WARN_UNGUARDED_AVAILABILITY = YES_AGGRESSIVE;
				CLANG_WARN_UNREACHABLE_CODE = YES;
				CLANG_WARN__DUPLICATE_METHOD_MATCH = YES;
				COPY_PHASE_STRIP = NO;
				DEBUG_INFORMATION_FORMAT = "dwarf-with-dsym";
				ENABLE_NS_ASSERTIONS = NO;
				ENABLE_STRICT_OBJC_MSGSEND = YES;
				GCC_C_LANGUAGE_STANDARD = gnu11;
				GCC_NO_COMMON_BLOCKS = YES;
				GCC_WARN_64_TO_32_BIT_CONVERSION = YES;
				GCC_WARN_ABOUT_RETURN_TYPE = YES_ERROR;
				GCC_WARN_UNDECLARED_SELECTOR = YES;
				GCC_WARN_UNINITIALIZED_AUTOS = YES_AGGRESSIVE;
				GCC_WARN_UNUSED_FUNCTION = YES;
				GCC_WARN_UNUSED_VARIABLE = YES;
				IPHONEOS_DEPLOYMENT_TARGET = 13.2;
				MTL_ENABLE_DEBUG_INFO = NO;
				MTL_FAST_MATH = YES;
				SDKROOT = iphoneos;
				VALIDATE_PRODUCT = YES;
			};
			name = Release;
		};
		532D64B623C4881D00E72F6B /* Debug */ = {
			isa = XCBuildConfiguration;
			baseConfigurationReference = C5B8B704C216AA25732ECEDF /* Pods-GitTrainningProject.debug.xcconfig */;
			buildSettings = {
				ASSETCATALOG_COMPILER_APPICON_NAME = AppIcon;
				CODE_SIGN_STYLE = Automatic;
				DEVELOPMENT_TEAM = UFSJ52CJS5;
				INFOPLIST_FILE = GitTrainningProject/Info.plist;
				LD_RUNPATH_SEARCH_PATHS = (
					"$(inherited)",
					"@executable_path/Frameworks",
				);
				PRODUCT_BUNDLE_IDENTIFIER = com.mySelf.GitTrainningProject;
				PRODUCT_NAME = "$(TARGET_NAME)";
				TARGETED_DEVICE_FAMILY = "1,2";
			};
			name = Debug;
		};
		532D64B723C4881D00E72F6B /* Release */ = {
			isa = XCBuildConfiguration;
			baseConfigurationReference = 48C78C5D5762E196185B07E2 /* Pods-GitTrainningProject.release.xcconfig */;
			buildSettings = {
				ASSETCATALOG_COMPILER_APPICON_NAME = AppIcon;
				CODE_SIGN_STYLE = Automatic;
				DEVELOPMENT_TEAM = UFSJ52CJS5;
				INFOPLIST_FILE = GitTrainningProject/Info.plist;
				LD_RUNPATH_SEARCH_PATHS = (
					"$(inherited)",
					"@executable_path/Frameworks",
				);
				PRODUCT_BUNDLE_IDENTIFIER = com.mySelf.GitTrainningProject;
				PRODUCT_NAME = "$(TARGET_NAME)";
				TARGETED_DEVICE_FAMILY = "1,2";
			};
			name = Release;
		};
/* End XCBuildConfiguration section */

/* Begin XCConfigurationList section */
		532D649423C4881800E72F6B /* Build configuration list for PBXProject "GitTrainningProject" */ = {
			isa = XCConfigurationList;
			buildConfigurations = (
				532D64B323C4881D00E72F6B /* Debug */,
				532D64B423C4881D00E72F6B /* Release */,
			);
			defaultConfigurationIsVisible = 0;
			defaultConfigurationName = Release;
		};
		532D64B523C4881D00E72F6B /* Build configuration list for PBXNativeTarget "GitTrainningProject" */ = {
			isa = XCConfigurationList;
			buildConfigurations = (
				532D64B623C4881D00E72F6B /* Debug */,
				532D64B723C4881D00E72F6B /* Release */,
			);
			defaultConfigurationIsVisible = 0;
			defaultConfigurationName = Release;
		};
/* End XCConfigurationList section */

/* Begin XCVersionGroup section */
		532D64A823C4881800E72F6B /* GitTrainningProject.xcdatamodeld */ = {
			isa = XCVersionGroup;
			children = (
				532D64A923C4881800E72F6B /* GitTrainningProject.xcdatamodel */,
			);
			currentVersion = 532D64A923C4881800E72F6B /* GitTrainningProject.xcdatamodel */;
			path = GitTrainningProject.xcdatamodeld;
			sourceTree = "<group>";
			versionGroupType = wrapper.xcdatamodel;
		};
/* End XCVersionGroup section */
	};
	rootObject = 532D649123C4881800E72F6B /* Project object */;
}
